<Solution>
  <Folder Name="/01/">
    <Project Path="isNumberOodOrNot/isNumberOodOrNot.csproj" Id="eb5accea-5025-4a6d-ba74-03dfbcf703cd" />
  </Folder>
  <Folder Name="/02/">
    <Project Path="TheGreathestyNumber/TheGreathestyNumber.csproj" Id="3d93c9df-60eb-4e30-9275-22239770f6ca" />
  </Folder>
  <Folder Name="/03/">
    <Project Path="SortNumbers/SortNumbers.csproj" Id="4711a65b-703c-44d8-bb10-6fa67a8db6db" />
  </Folder>
  <Folder Name="/04/">
    <Project Path="IsMultipleOfAnother/IsMultipleOfAnother.csproj" Id="2ef37e00-b751-492e-aa92-5b22d331f714" />
  </Folder>
  <Folder Name="/05/">
    <Project Path="IsLeadYear/IsLeadYear.csproj" Id="4bc1b9c2-9709-42e8-bd62-524a6a745e79" />
  </Folder>
  <Folder Name="/06/">
    <Project Path="SimplePayroll/SimplePayroll.csproj" Id="821e8cb5-c32e-4d91-a0ce-16aea7b06817" />
  </Folder>
  <Folder Name="/07/">
    <Project Path="Discounts/Discounts.csproj" Id="f590e04b-d04e-4228-b94a-00710ff8d462" />
  </Folder>
  <Folder Name="/08/">
    <Project Path="RegistrationValue/RegistrationValue.csproj" Id="28b8b739-68c6-46c7-bf54-3a0c07b99596" />
  </Folder>
  <Folder Name="/09/">
    <Project Path="Shipping/Shipping.csproj" Id="44cac71f-ad3e-4270-a09c-11b794bc159f" />
  </Folder>
  <Folder Name="/Shared/">
    <Project Path="Shared/Shared.csproj" Id="c79d9e41-147e-45bc-ae54-5be72c5799fb" />
  </Folder>
</Solution>
